{
  "name": "vue-cli-plugin-simplehtmllayout",
  "version": "1.1.0",
  "lockfileVersion": 1,
  "requires": true,
  "dependencies": {
    "simplehtmllayout": {
      "version": "1.0.0",
      "resolved": "https://registry.npmjs.org/simplehtmllayout/-/simplehtmllayout-1.0.0.tgz",
      "integrity": "sha512-Q+cnfsJbjG8XPxC/3y6r/3t2loIoIRVdYagsD0mLoFfTvgXrMaAldBWSuJwNykOPhpwO4aEH7v+UM/l53GQlJQ=="
    }
  }
}
